PODS:
  - Capacitor (3.0.0-beta.3):
    - CapacitorCordova
  - CapacitorCordova (3.0.0-beta.3)

DEPENDENCIES:
  - "Capacitor (from `../node_modules/@capacitor/ios`)"
  - "CapacitorCordova (from `../node_modules/@capacitor/ios`)"

EXTERNAL SOURCES:
  Capacitor:
    :path: "../node_modules/@capacitor/ios"
  CapacitorCordova:
    :path: "../node_modules/@capacitor/ios"

SPEC CHECKSUMS:
  Capacitor: 30745d72d757684421225df2c7a9d6e99b7fcde3
  CapacitorCordova: 464e39c0f326d15aad8ca3536c1bbf96e474fbbe

PODFILE CHECKSUM: d908dea01cb4b1885654341d3f4274148fb6d382

COCOAPODS: 1.10.1
